
Microsoft Visual Studio Solution File, Format Version 12.00
# Visual Studio Version 17
VisualStudioVersion = 17.9.34723.18
MinimumVisualStudioVersion = 10.0.40219.1
Project("{8BC9CEB8-8B4A-11D0-8D11-00A0C91BC942}") = "課題1", "C++実習課題\C++実習課題.vcxproj", "{75702BF3-1A4E-423A-B892-53C8E0E646E0}"
EndProject
Project("{8BC9CEB8-8B4A-11D0-8D11-00A0C91BC942}") = "課題3", "課題3\課題3.vcxproj", "{003A60FD-FD54-432C-93CB-6B071BEFF4AF}"
EndProject
Project("{8BC9CEB8-8B4A-11D0-8D11-00A0C91BC942}") = "課題2", "課題2\課題2.vcxproj", "{88EC33D7-A646-4B48-9214-6706FAD18427}"
EndProject
Project("{8BC9CEB8-8B4A-11D0-8D11-00A0C91BC942}") = "課題4", "課題4\課題4.vcxproj", "{D55D5838-AFBC-497C-9430-89DBDB6455BD}"
EndProject
Project("{8BC9CEB8-8B4A-11D0-8D11-00A0C91BC942}") = "課題5", "課題5\課題5.vcxproj", "{A32AFD79-E74A-4F50-AE4F-9319F0E4D57F}"
EndProject
Project("{8BC9CEB8-8B4A-11D0-8D11-00A0C91BC942}") = "課題6", "課題6\課題6.vcxproj", "{3F60414A-C66B-4D81-A78E-7C7E35317B15}"
EndProject
Project("{8BC9CEB8-8B4A-11D0-8D11-00A0C91BC942}") = "課題9", "課題9\課題9.vcxproj", "{4FD21AEE-8B2A-4433-B983-05756967369A}"
EndProject
Project("{8BC9CEB8-8B4A-11D0-8D11-00A0C91BC942}") = "課題10", "課題10\課題10.vcxproj", "{299CE9CD-5D8D-4DDB-BBB7-3EF0E0C3D68B}"
EndProject
Global
	GlobalSection(SolutionConfigurationPlatforms) = preSolution
		Debug|x64 = Debug|x64
		Debug|x86 = Debug|x86
		Release|x64 = Release|x64
		Release|x86 = Release|x86
	EndGlobalSection
	GlobalSection(ProjectConfigurationPlatforms) = postSolution
		{75702BF3-1A4E-423A-B892-53C8E0E646E0}.Debug|x64.ActiveCfg = Debug|x64
		{75702BF3-1A4E-423A-B892-53C8E0E646E0}.Debug|x64.Build.0 = Debug|x64
		{75702BF3-1A4E-423A-B892-53C8E0E646E0}.Debug|x86.ActiveCfg = Debug|Win32
		{75702BF3-1A4E-423A-B892-53C8E0E646E0}.Debug|x86.Build.0 = Debug|Win32
		{75702BF3-1A4E-423A-B892-53C8E0E646E0}.Release|x64.ActiveCfg = Release|x64
		{75702BF3-1A4E-423A-B892-53C8E0E646E0}.Release|x64.Build.0 = Release|x64
		{75702BF3-1A4E-423A-B892-53C8E0E646E0}.Release|x86.ActiveCfg = Release|Win32
		{75702BF3-1A4E-423A-B892-53C8E0E646E0}.Release|x86.Build.0 = Release|Win32
		{003A60FD-FD54-432C-93CB-6B071BEFF4AF}.Debug|x64.ActiveCfg = Debug|x64
		{003A60FD-FD54-432C-93CB-6B071BEFF4AF}.Debug|x64.Build.0 = Debug|x64
		{003A60FD-FD54-432C-93CB-6B071BEFF4AF}.Debug|x86.ActiveCfg = Debug|Win32
		{003A60FD-FD54-432C-93CB-6B071BEFF4AF}.Debug|x86.Build.0 = Debug|Win32
		{003A60FD-FD54-432C-93CB-6B071BEFF4AF}.Release|x64.ActiveCfg = Release|x64
		{003A60FD-FD54-432C-93CB-6B071BEFF4AF}.Release|x64.Build.0 = Release|x64
		{003A60FD-FD54-432C-93CB-6B071BEFF4AF}.Release|x86.ActiveCfg = Release|Win32
		{003A60FD-FD54-432C-93CB-6B071BEFF4AF}.Release|x86.Build.0 = Release|Win32
		{88EC33D7-A646-4B48-9214-6706FAD18427}.Debug|x64.ActiveCfg = Debug|x64
		{88EC33D7-A646-4B48-9214-6706FAD18427}.Debug|x64.Build.0 = Debug|x64
		{88EC33D7-A646-4B48-9214-6706FAD18427}.Debug|x86.ActiveCfg = Debug|Win32
		{88EC33D7-A646-4B48-9214-6706FAD18427}.Debug|x86.Build.0 = Debug|Win32
		{88EC33D7-A646-4B48-9214-6706FAD18427}.Release|x64.ActiveCfg = Release|x64
		{88EC33D7-A646-4B48-9214-6706FAD18427}.Release|x64.Build.0 = Release|x64
		{88EC33D7-A646-4B48-9214-6706FAD18427}.Release|x86.ActiveCfg = Release|Win32
		{88EC33D7-A646-4B48-9214-6706FAD18427}.Release|x86.Build.0 = Release|Win32
		{D55D5838-AFBC-497C-9430-89DBDB6455BD}.Debug|x64.ActiveCfg = Debug|x64
		{D55D5838-AFBC-497C-9430-89DBDB6455BD}.Debug|x64.Build.0 = Debug|x64
		{D55D5838-AFBC-497C-9430-89DBDB6455BD}.Debug|x86.ActiveCfg = Debug|Win32
		{D55D5838-AFBC-497C-9430-89DBDB6455BD}.Debug|x86.Build.0 = Debug|Win32
		{D55D5838-AFBC-497C-9430-89DBDB6455BD}.Release|x64.ActiveCfg = Release|x64
		{D55D5838-AFBC-497C-9430-89DBDB6455BD}.Release|x64.Build.0 = Release|x64
		{D55D5838-AFBC-497C-9430-89DBDB6455BD}.Release|x86.ActiveCfg = Release|Win32
		{D55D5838-AFBC-497C-9430-89DBDB6455BD}.Release|x86.Build.0 = Release|Win32
		{A32AFD79-E74A-4F50-AE4F-9319F0E4D57F}.Debug|x64.ActiveCfg = Debug|x64
		{A32AFD79-E74A-4F50-AE4F-9319F0E4D57F}.Debug|x64.Build.0 = Debug|x64
		{A32AFD79-E74A-4F50-AE4F-9319F0E4D57F}.Debug|x86.ActiveCfg = Debug|Win32
		{A32AFD79-E74A-4F50-AE4F-9319F0E4D57F}.Debug|x86.Build.0 = Debug|Win32
		{A32AFD79-E74A-4F50-AE4F-9319F0E4D57F}.Release|x64.ActiveCfg = Release|x64
		{A32AFD79-E74A-4F50-AE4F-9319F0E4D57F}.Release|x64.Build.0 = Release|x64
		{A32AFD79-E74A-4F50-AE4F-9319F0E4D57F}.Release|x86.ActiveCfg = Release|Win32
		{A32AFD79-E74A-4F50-AE4F-9319F0E4D57F}.Release|x86.Build.0 = Release|Win32
		{3F60414A-C66B-4D81-A78E-7C7E35317B15}.Debug|x64.ActiveCfg = Debug|x64
		{3F60414A-C66B-4D81-A78E-7C7E35317B15}.Debug|x64.Build.0 = Debug|x64
		{3F60414A-C66B-4D81-A78E-7C7E35317B15}.Debug|x86.ActiveCfg = Debug|Win32
		{3F60414A-C66B-4D81-A78E-7C7E35317B15}.Debug|x86.Build.0 = Debug|Win32
		{3F60414A-C66B-4D81-A78E-7C7E35317B15}.Release|x64.ActiveCfg = Release|x64
		{3F60414A-C66B-4D81-A78E-7C7E35317B15}.Release|x64.Build.0 = Release|x64
		{3F60414A-C66B-4D81-A78E-7C7E35317B15}.Release|x86.ActiveCfg = Release|Win32
		{3F60414A-C66B-4D81-A78E-7C7E35317B15}.Release|x86.Build.0 = Release|Win32
		{4FD21AEE-8B2A-4433-B983-05756967369A}.Debug|x64.ActiveCfg = Debug|x64
		{4FD21AEE-8B2A-4433-B983-05756967369A}.Debug|x64.Build.0 = Debug|x64
		{4FD21AEE-8B2A-4433-B983-05756967369A}.Debug|x86.ActiveCfg = Debug|Win32
		{4FD21AEE-8B2A-4433-B983-05756967369A}.Debug|x86.Build.0 = Debug|Win32
		{4FD21AEE-8B2A-4433-B983-05756967369A}.Release|x64.ActiveCfg = Release|x64
		{4FD21AEE-8B2A-4433-B983-05756967369A}.Release|x64.Build.0 = Release|x64
		{4FD21AEE-8B2A-4433-B983-05756967369A}.Release|x86.ActiveCfg = Release|Win32
		{4FD21AEE-8B2A-4433-B983-05756967369A}.Release|x86.Build.0 = Release|Win32
		{299CE9CD-5D8D-4DDB-BBB7-3EF0E0C3D68B}.Debug|x64.ActiveCfg = Debug|x64
		{299CE9CD-5D8D-4DDB-BBB7-3EF0E0C3D68B}.Debug|x64.Build.0 = Debug|x64
		{299CE9CD-5D8D-4DDB-BBB7-3EF0E0C3D68B}.Debug|x86.ActiveCfg = Debug|Win32
		{299CE9CD-5D8D-4DDB-BBB7-3EF0E0C3D68B}.Debug|x86.Build.0 = Debug|Win32
		{299CE9CD-5D8D-4DDB-BBB7-3EF0E0C3D68B}.Release|x64.ActiveCfg = Release|x64
		{299CE9CD-5D8D-4DDB-BBB7-3EF0E0C3D68B}.Release|x64.Build.0 = Release|x64
		{299CE9CD-5D8D-4DDB-BBB7-3EF0E0C3D68B}.Release|x86.ActiveCfg = Release|Win32
		{299CE9CD-5D8D-4DDB-BBB7-3EF0E0C3D68B}.Release|x86.Build.0 = Release|Win32
	EndGlobalSection
	GlobalSection(SolutionProperties) = preSolution
		HideSolutionNode = FALSE
	EndGlobalSection
	GlobalSection(ExtensibilityGlobals) = postSolution
		SolutionGuid = {C9BB59C0-5A5E-4AC3-B9FF-84C5EB4074DF}
	EndGlobalSection
EndGlobal
